
Microsoft Visual Studio Solution File, Format Version 12.00
# Visual Studio Version 17
VisualStudioVersion = 17.14.37027.9
MinimumVisualStudioVersion = 10.0.40219.1
Project("{8BC9CEB8-8B4A-11D0-8D11-00A0C91BC942}") = "Maschine3UserScreen", "Maschine3UserScreen\Maschine3UserScreen.vcxproj", "{2DFFA9A5-CB50-4071-854B-F33F8AFB5C49}"
EndProject
Project("{8BC9CEB8-8B4A-11D0-8D11-00A0C91BC942}") = "MaschineUsbControls", "MaschineUsbControls\MaschineUsbControls.vcxproj", "{1824E0D6-19BE-47F6-84F1-EFDB119CE7A2}"
EndProject
Project("{8BC9CEB8-8B4A-11D0-8D11-00A0C91BC942}") = "MaschineUsbControlsTester", "MaschineUsbControlsTester\MaschineUsbControlsTester.vcxproj", "{03738BEC-E230-4E4B-99C6-437CC03DCD5F}"
EndProject
Global
	GlobalSection(SolutionConfigurationPlatforms) = preSolution
		Debug|x64 = Debug|x64
		Debug|x86 = Debug|x86
		Release|x64 = Release|x64
		Release|x86 = Release|x86
	EndGlobalSection
	GlobalSection(ProjectConfigurationPlatforms) = postSolution
		{2DFFA9A5-CB50-4071-854B-F33F8AFB5C49}.Debug|x64.ActiveCfg = Debug|x64
		{2DFFA9A5-CB50-4071-854B-F33F8AFB5C49}.Debug|x64.Build.0 = Debug|x64
		{2DFFA9A5-CB50-4071-854B-F33F8AFB5C49}.Debug|x86.ActiveCfg = Debug|Win32
		{2DFFA9A5-CB50-4071-854B-F33F8AFB5C49}.Debug|x86.Build.0 = Debug|Win32
		{2DFFA9A5-CB50-4071-854B-F33F8AFB5C49}.Release|x64.ActiveCfg = Release|x64
		{2DFFA9A5-CB50-4071-854B-F33F8AFB5C49}.Release|x64.Build.0 = Release|x64
		{2DFFA9A5-CB50-4071-854B-F33F8AFB5C49}.Release|x86.ActiveCfg = Release|Win32
		{2DFFA9A5-CB50-4071-854B-F33F8AFB5C49}.Release|x86.Build.0 = Release|Win32
		{1824E0D6-19BE-47F6-84F1-EFDB119CE7A2}.Debug|x64.ActiveCfg = Debug|x64
		{1824E0D6-19BE-47F6-84F1-EFDB119CE7A2}.Debug|x64.Build.0 = Debug|x64
		{1824E0D6-19BE-47F6-84F1-EFDB119CE7A2}.Debug|x86.ActiveCfg = Debug|Win32
		{1824E0D6-19BE-47F6-84F1-EFDB119CE7A2}.Debug|x86.Build.0 = Debug|Win32
		{1824E0D6-19BE-47F6-84F1-EFDB119CE7A2}.Release|x64.ActiveCfg = Release|x64
		{1824E0D6-19BE-47F6-84F1-EFDB119CE7A2}.Release|x64.Build.0 = Release|x64
		{1824E0D6-19BE-47F6-84F1-EFDB119CE7A2}.Release|x86.ActiveCfg = Release|Win32
		{1824E0D6-19BE-47F6-84F1-EFDB119CE7A2}.Release|x86.Build.0 = Release|Win32
		{03738BEC-E230-4E4B-99C6-437CC03DCD5F}.Debug|x64.ActiveCfg = Debug|x64
		{03738BEC-E230-4E4B-99C6-437CC03DCD5F}.Debug|x64.Build.0 = Debug|x64
		{03738BEC-E230-4E4B-99C6-437CC03DCD5F}.Debug|x86.ActiveCfg = Debug|Win32
		{03738BEC-E230-4E4B-99C6-437CC03DCD5F}.Debug|x86.Build.0 = Debug|Win32
		{03738BEC-E230-4E4B-99C6-437CC03DCD5F}.Release|x64.ActiveCfg = Release|x64
		{03738BEC-E230-4E4B-99C6-437CC03DCD5F}.Release|x64.Build.0 = Release|x64
		{03738BEC-E230-4E4B-99C6-437CC03DCD5F}.Release|x86.ActiveCfg = Release|Win32
		{03738BEC-E230-4E4B-99C6-437CC03DCD5F}.Release|x86.Build.0 = Release|Win32
	EndGlobalSection
	GlobalSection(SolutionProperties) = preSolution
		HideSolutionNode = FALSE
	EndGlobalSection
	GlobalSection(ExtensibilityGlobals) = postSolution
		SolutionGuid = {622E29B2-82A2-4971-9F13-B27758CD9783}
	EndGlobalSection
EndGlobal
